# This file is generated by running "yarn install" inside your project.
# Manual changes might be lost - proceed with caution!

__metadata:
  version: 6

"@jvano-ds/foundation@workspace:^, @jvano-ds/foundation@workspace:packages/foundation":
  version: 0.0.0-use.local
  resolution: "@jvano-ds/foundation@workspace:packages/foundation"
  languageName: unknown
  linkType: soft

"@jvano-ds/react@workspace:^, @jvano-ds/react@workspace:packages/react":
  version: 0.0.0-use.local
  resolution: "@jvano-ds/react@workspace:packages/react"
  dependencies:
    "@jvano-ds/foundation": "workspace:^"
  languageName: unknown
  linkType: soft

"@jvano-ds/storybook@workspace:packages/storybook":
  version: 0.0.0-use.local
  resolution: "@jvano-ds/storybook@workspace:packages/storybook"
  dependencies:
    "@jvano-ds/foundation": "workspace:^"
    "@jvano-ds/react": "workspace:^"
  languageName: unknown
  linkType: soft

"design-system@workspace:.":
  version: 0.0.0-use.local
  resolution: "design-system@workspace:."
  languageName: unknown
  linkType: soft
